
Microsoft Visual Studio Solution File, Format Version 12.00
Project("{FAE04EC0-301F-11D3-BF4B-00C04F79EFBC}") = "YogurtTheBlog", "YogurtTheBlog\YogurtTheBlog.csproj", "{F4335A6E-EEA8-474D-BC76-475095165944}"
EndProject
Global
	GlobalSection(SolutionConfigurationPlatforms) = preSolution
		Debug|Any CPU = Debug|Any CPU
		Release|Any CPU = Release|Any CPU
	EndGlobalSection
	GlobalSection(ProjectConfigurationPlatforms) = postSolution
		{F4335A6E-EEA8-474D-BC76-475095165944}.Debug|Any CPU.ActiveCfg = Debug|Any CPU
		{F4335A6E-EEA8-474D-BC76-475095165944}.Debug|Any CPU.Build.0 = Debug|Any CPU
		{F4335A6E-EEA8-474D-BC76-475095165944}.Release|Any CPU.ActiveCfg = Release|Any CPU
		{F4335A6E-EEA8-474D-BC76-475095165944}.Release|Any CPU.Build.0 = Release|Any CPU
	EndGlobalSection
EndGlobal
